
Microsoft Visual Studio Solution File, Format Version 12.00
# Visual Studio Version 17
VisualStudioVersion = 17.5.002.0
MinimumVisualStudioVersion = 10.0.40219.1
Project("{9A19103F-16F7-4668-BE54-9A1E7A4F7556}") = "app", "app\app.csproj", "{611297E4-327E-4BEA-8E73-115DECA9B0A4}"
EndProject
Global
	GlobalSection(SolutionConfigurationPlatforms) = preSolution
		Debug|Any CPU = Debug|Any CPU
		Release|Any CPU = Release|Any CPU
	EndGlobalSection
	GlobalSection(ProjectConfigurationPlatforms) = postSolution
		{611297E4-327E-4BEA-8E73-115DECA9B0A4}.Debug|Any CPU.ActiveCfg = Debug|Any CPU
		{611297E4-327E-4BEA-8E73-115DECA9B0A4}.Debug|Any CPU.Build.0 = Debug|Any CPU
		{611297E4-327E-4BEA-8E73-115DECA9B0A4}.Release|Any CPU.ActiveCfg = Release|Any CPU
		{611297E4-327E-4BEA-8E73-115DECA9B0A4}.Release|Any CPU.Build.0 = Release|Any CPU
	EndGlobalSection
	GlobalSection(SolutionProperties) = preSolution
		HideSolutionNode = FALSE
	EndGlobalSection
	GlobalSection(ExtensibilityGlobals) = postSolution
		SolutionGuid = {FE292C88-8729-4707-8C1F-696324659D94}
	EndGlobalSection
EndGlobal
